// !$*UTF8*$!
{
	archiveVersion = 1;
	classes = {
	};
	objectVersion = 48;
	objects = {

/* Begin PBXBuildFile section */
		1A334BA41FD954AF008C4963 /* AppDelegate.m in Sources */ = {isa = PBXBuildFile; fileRef = 1A334BA31FD954AF008C4963 /* AppDelegate.m */; };
		1A334BA71FD954AF008C4963 /* ViewController.m in Sources */ = {isa = PBXBuildFile; fileRef = 1A334BA61FD954AF008C4963 /* ViewController.m */; };
		1A334BAC1FD954AF008C4963 /* Assets.xcassets in Resources */ = {isa = PBXBuildFile; fileRef = 1A334BAB1FD954AF008C4963 /* Assets.xcassets */; };
		1A334BB21FD954AF008C4963 /* main.m in Sources */ = {isa = PBXBuildFile; fileRef = 1A334BB11FD954AF008C4963 /* main.m */; };
		1A334BBA1FD95636008C4963 /* Launch.storyboard in Resources */ = {isa = PBXBuildFile; fileRef = 1A334BB91FD95636008C4963 /* Launch.storyboard */; };
		49435E462518C045006CA8AE /* Dummy.swift in Sources */ = {isa = PBXBuildFile; fileRef = 49435E452518C045006CA8AE /* Dummy.swift */; };
/* End PBXBuildFile section */

/* Begin PBXFileReference section */
		1A334B9F1FD954AF008C4963 /* Mangle Integration.app */ = {isa = PBXFileReference; explicitFileType = wrapper.application; includeInIndex = 0; path = "Mangle Integration.app"; sourceTree = BUILT_PRODUCTS_DIR; };
		1A334BA21FD954AF008C4963 /* AppDelegate.h */ = {isa = PBXFileReference; lastKnownFileType = sourcecode.c.h; path = AppDelegate.h; sourceTree = "<group>"; };
		1A334BA31FD954AF008C4963 /* AppDelegate.m */ = {isa = PBXFileReference; lastKnownFileType = sourcecode.c.objc; path = AppDelegate.m; sourceTree = "<group>"; };
		1A334BA51FD954AF008C4963 /* ViewController.h */ = {isa = PBXFileReference; lastKnownFileType = sourcecode.c.h; path = ViewController.h; sourceTree = "<group>"; };
		1A334BA61FD954AF008C4963 /* ViewController.m */ = {isa = PBXFileReference; lastKnownFileType = sourcecode.c.objc; path = ViewController.m; sourceTree = "<group>"; };
		1A334BAB1FD954AF008C4963 /* Assets.xcassets */ = {isa = PBXFileReference; lastKnownFileType = folder.assetcatalog; path = Assets.xcassets; sourceTree = "<group>"; };
		1A334BB01FD954AF008C4963 /* Info.plist */ = {isa = PBXFileReference; lastKnownFileType = text.plist.xml; path = Info.plist; sourceTree = "<group>"; };
		1A334BB11FD954AF008C4963 /* main.m */ = {isa = PBXFileReference; lastKnownFileType = sourcecode.c.objc; path = main.m; sourceTree = "<group>"; };
		1A334BB91FD95636008C4963 /* Launch.storyboard */ = {isa = PBXFileReference; lastKnownFileType = file.storyboard; path = Launch.storyboard; sourceTree = "<group>"; };
		49435E452518C045006CA8AE /* Dummy.swift */ = {isa = PBXFileReference; lastKnownFileType = sourcecode.swift; path = Dummy.swift; sourceTree = "<group>"; };
/* End PBXFileReference section */

/* Begin PBXFrameworksBuildPhase section */
		1A334B9C1FD954AF008C4963 /* Frameworks */ = {
			isa = PBXFrameworksBuildPhase;
			buildActionMask = 2147483647;
			files = (
			);
			runOnlyForDeploymentPostprocessing = 0;
		};
/* End PBXFrameworksBuildPhase section */

/* Begin PBXGroup section */
		1A334B961FD954AF008C4963 = {
			isa = PBXGroup;
			children = (
				1A334BA11FD954AF008C4963 /* Mangle Integration */,
				1A334BA01FD954AF008C4963 /* Products */,
			);
			sourceTree = "<group>";
		};
		1A334BA01FD954AF008C4963 /* Products */ = {
			isa = PBXGroup;
			children = (
				1A334B9F1FD954AF008C4963 /* Mangle Integration.app */,
			);
			name = Products;
			sourceTree = "<group>";
		};
		1A334BA11FD954AF008C4963 /* Mangle Integration */ = {
			isa = PBXGroup;
			children = (
				1A334BA21FD954AF008C4963 /* AppDelegate.h */,
				1A334BA31FD954AF008C4963 /* AppDelegate.m */,
				1A334BA51FD954AF008C4963 /* ViewController.h */,
				1A334BA61FD954AF008C4963 /* ViewController.m */,
				1A334BAB1FD954AF008C4963 /* Assets.xcassets */,
				1A334BB91FD95636008C4963 /* Launch.storyboard */,
				1A334BB01FD954AF008C4963 /* Info.plist */,
				1A334BB11FD954AF008C4963 /* main.m */,
				49435E452518C045006CA8AE /* Dummy.swift */,
			);
			path = "Mangle Integration";
			sourceTree = "<group>";
		};
/* End PBXGroup section */

/* Begin PBXNativeTarget section */
		1A334B9E1FD954AF008C4963 /* Mangle Integration */ = {
			isa = PBXNativeTarget;
			buildConfigurationList = 1A334BB51FD954AF008C4963 /* Build configuration list for PBXNativeTarget "Mangle Integration" */;
			buildPhases = (
				1A334B9B1FD954AF008C4963 /* Sources */,
				1A334B9C1FD954AF008C4963 /* Frameworks */,
				1A334B9D1FD954AF008C4963 /* Resources */,
			);
			buildRules = (
			);
			dependencies = (
			);
			name = "Mangle Integration";
			productName = "Mangle Integration";
			productReference = 1A334B9F1FD954AF008C4963 /* Mangle Integration.app */;
			productType = "com.apple.product-type.application";
		};
/* End PBXNativeTarget section */

/* Begin PBXProject section */
		1A334B971FD954AF008C4963 /* Project object */ = {
			isa = PBXProject;
			attributes = {
				LastUpgradeCheck = 1170;
				ORGANIZATIONNAME = "Cocoapods Mangle";
				TargetAttributes = {
					1A334B9E1FD954AF008C4963 = {
						CreatedOnToolsVersion = 9.1;
						LastSwiftMigration = 1170;
						ProvisioningStyle = Automatic;
					};
				};
			};
			buildConfigurationList = 1A334B9A1FD954AF008C4963 /* Build configuration list for PBXProject "Mangle Integration" */;
			compatibilityVersion = "Xcode 8.0";
			developmentRegion = en;
			hasScannedForEncodings = 0;
			knownRegions = (
				en,
				Base,
			);
			mainGroup = 1A334B961FD954AF008C4963;
			productRefGroup = 1A334BA01FD954AF008C4963 /* Products */;
			projectDirPath = "";
			projectRoot = "";
			targets = (
				1A334B9E1FD954AF008C4963 /* Mangle Integration */,
			);
		};
/* End PBXProject section */

/* Begin PBXResourcesBuildPhase section */
		1A334B9D1FD954AF008C4963 /* Resources */ = {
			isa = PBXResourcesBuildPhase;
			buildActionMask = 2147483647;
			files = (
				1A334BBA1FD95636008C4963 /* Launch.storyboard in Resources */,
				1A334BAC1FD954AF008C4963 /* Assets.xcassets in Resources */,
			);
			runOnlyForDeploymentPostprocessing = 0;
		};
/* End PBXResourcesBuildPhase section */

/* Begin PBXSourcesBuildPhase section */
		1A334B9B1FD954AF008C4963 /* Sources */ = {
			isa = PBXSourcesBuildPhase;
			buildActionMask = 2147483647;
			files = (
				1A334BA71FD954AF008C4963 /* ViewController.m in Sources */,
				1A334BB21FD954AF008C4963 /* main.m in Sources */,
				49435E462518C045006CA8AE /* Dummy.swift in Sources */,
				1A334BA41FD954AF008C4963 /* AppDelegate.m in Sources */,
			);
			runOnlyForDeploymentPostprocessing = 0;
		};
/* End PBXSourcesBuildPhase section */

/* Begin XCBuildConfiguration section */
		1A334BB31FD954AF008C4963 /* Debug */ = {
			isa = XCBuildConfiguration;
			buildSettings = {
				ALWAYS_SEARCH_USER_PATHS = NO;
				CLANG_ANALYZER_NONNULL = YES;
				CLANG_ANALYZER_NUMBER_OBJECT_CONVERSION = YES_AGGRESSIVE;
				CLANG_CXX_LANGUAGE_STANDARD = "gnu++14";
				CLANG_CXX_LIBRARY = "libc++";
				CLANG_ENABLE_MODULES = YES;
				CLANG_ENABLE_OBJC_ARC = YES;
				CLANG_WARN_BLOCK_CAPTURE_AUTORELEASING = YES;
				CLANG_WARN_BOOL_CONVERSION = YES;
				CLANG_WARN_COMMA = YES;
				CLANG_WARN_CONSTANT_CONVERSION = YES;
				CLANG_WARN_DEPRECATED_OBJC_IMPLEMENTATIONS = YES;
				CLANG_WARN_DIRECT_OBJC_ISA_USAGE = YES_ERROR;
				CLANG_WARN_DOCUMENTATION_COMMENTS = YES;
				CLANG_WARN_EMPTY_BODY = YES;
				CLANG_WARN_ENUM_CONVERSION = YES;
				CLANG_WARN_INFINITE_RECURSION = YES;
				CLANG_WARN_INT_CONVERSION = YES;
				CLANG_WARN_NON_LITERAL_NULL_CONVERSION = YES;
				CLANG_WARN_OBJC_IMPLICIT_RETAIN_SELF = YES;
				CLANG_WARN_OBJC_LITERAL_CONVERSION = YES;
				CLANG_WARN_OBJC_ROOT_CLASS = YES_ERROR;
				CLANG_WARN_RANGE_LOOP_ANALYSIS = YES;
				CLANG_WARN_STRICT_PROTOTYPES = YES;
				CLANG_WARN_SUSPICIOUS_MOVE = YES;
				CLANG_WARN_UNGUARDED_AVAILABILITY = YES_AGGRESSIVE;
				CLANG_WARN_UNREACHABLE_CODE = YES;
				CLANG_WARN__DUPLICATE_METHOD_MATCH = YES;
				CODE_SIGN_IDENTITY = "iPhone Developer";
				COPY_PHASE_STRIP = NO;
				DEBUG_INFORMATION_FORMAT = dwarf;
				ENABLE_STRICT_OBJC_MSGSEND = YES;
				ENABLE_TESTABILITY = YES;
				GCC_C_LANGUAGE_STANDARD = gnu11;
				GCC_DYNAMIC_NO_PIC = NO;
				GCC_NO_COMMON_BLOCKS = YES;
				GCC_OPTIMIZATION_LEVEL = 0;
				GCC_PREPROCESSOR_DEFINITIONS = (
					"DEBUG=1",
					"$(inherited)",
				);
				GCC_WARN_64_TO_32_BIT_CONVERSION = YES;
				GCC_WARN_ABOUT_RETURN_TYPE = YES_ERROR;
				GCC_WARN_UNDECLARED_SELECTOR = YES;
				GCC_WARN_UNINITIALIZED_AUTOS = YES_AGGRESSIVE;
				GCC_WARN_UNUSED_FUNCTION = YES;
				GCC_WARN_UNUSED_VARIABLE = YES;
				IPHONEOS_DEPLOYMENT_TARGET = 10.0;
				MTL_ENABLE_DEBUG_INFO = YES;
				ONLY_ACTIVE_ARCH = YES;
				SDKROOT = iphoneos;
			};
			name = Debug;
		};
		1A334BB41FD954AF008C4963 /* Release */ = {
			isa = XCBuildConfiguration;
			buildSettings = {
				ALWAYS_SEARCH_USER_PATHS = NO;
				CLANG_ANALYZER_NONNULL = YES;
				CLANG_ANALYZER_NUMBER_OBJECT_CONVERSION = YES_AGGRESSIVE;
				CLANG_CXX_LANGUAGE_STANDARD = "gnu++14";
				CLANG_CXX_LIBRARY = "libc++";
				CLANG_ENABLE_MODULES = YES;
				CLANG_ENABLE_OBJC_ARC = YES;
				CLANG_WARN_BLOCK_CAPTURE_AUTORELEASING = YES;
				CLANG_WARN_BOOL_CONVERSION = YES;
				CLANG_WARN_COMMA = YES;
				CLANG_WARN_CONSTANT_CONVERSION = YES;
				CLANG_WARN_DEPRECATED_OBJC_IMPLEMENTATIONS = YES;
				CLANG_WARN_DIRECT_OBJC_ISA_USAGE = YES_ERROR;
				CLANG_WARN_DOCUMENTATION_COMMENTS = YES;
				CLANG_WARN_EMPTY_BODY = YES;
				CLANG_WARN_ENUM_CONVERSION = YES;
				CLANG_WARN_INFINITE_RECURSION = YES;
				CLANG_WARN_INT_CONVERSION = YES;
				CLANG_WARN_NON_LITERAL_NULL_CONVERSION = YES;
				CLANG_WARN_OBJC_IMPLICIT_RETAIN_SELF = YES;
				CLANG_WARN_OBJC_LITERAL_CONVERSION = YES;
				CLANG_WARN_OBJC_ROOT_CLASS = YES_ERROR;
				CLANG_WARN_RANGE_LOOP_ANALYSIS = YES;
				CLANG_WARN_STRICT_PROTOTYPES = YES;
				CLANG_WARN_SUSPICIOUS_MOVE = YES;
				CLANG_WARN_UNGUARDED_AVAILABILITY = YES_AGGRESSIVE;
				CLANG_WARN_UNREACHABLE_CODE = YES;
				CLANG_WARN__DUPLICATE_METHOD_MATCH = YES;
				CODE_SIGN_IDENTITY = "iPhone Developer";
				COPY_PHASE_STRIP = NO;
				DEBUG_INFORMATION_FORMAT = "dwarf-with-dsym";
				ENABLE_NS_ASSERTIONS = NO;
				ENABLE_STRICT_OBJC_MSGSEND = YES;
				GCC_C_LANGUAGE_STANDARD = gnu11;
				GCC_NO_COMMON_BLOCKS = YES;
				GCC_WARN_64_TO_32_BIT_CONVERSION = YES;
				GCC_WARN_ABOUT_RETURN_TYPE = YES_ERROR;
				GCC_WARN_UNDECLARED_SELECTOR = YES;
				GCC_WARN_UNINITIALIZED_AUTOS = YES_AGGRESSIVE;
				GCC_WARN_UNUSED_FUNCTION = YES;
				GCC_WARN_UNUSED_VARIABLE = YES;
				IPHONEOS_DEPLOYMENT_TARGET = 10.0;
				MTL_ENABLE_DEBUG_INFO = NO;
				SDKROOT = iphoneos;
				SWIFT_COMPILATION_MODE = wholemodule;
				VALIDATE_PRODUCT = YES;
			};
			name = Release;
		};
		1A334BB61FD954AF008C4963 /* Debug */ = {
			isa = XCBuildConfiguration;
			buildSettings = {
				ASSETCATALOG_COMPILER_APPICON_NAME = AppIcon;
				CLANG_ENABLE_MODULES = YES;
				CODE_SIGN_STYLE = Automatic;
				INFOPLIST_FILE = "Mangle Integration/Info.plist";
				LD_RUNPATH_SEARCH_PATHS = "$(inherited) @executable_path/Frameworks";
				PRODUCT_BUNDLE_IDENTIFIER = "org.example.Mangle-Integration";
				PRODUCT_NAME = "$(TARGET_NAME)";
				SWIFT_OPTIMIZATION_LEVEL = "-Onone";
				SWIFT_VERSION = 5.0;
				TARGETED_DEVICE_FAMILY = "1,2";
			};
			name = Debug;
		};
		1A334BB71FD954AF008C4963 /* Release */ = {
			isa = XCBuildConfiguration;
			buildSettings = {
				ASSETCATALOG_COMPILER_APPICON_NAME = AppIcon;
				CLANG_ENABLE_MODULES = YES;
				CODE_SIGN_STYLE = Automatic;
				INFOPLIST_FILE = "Mangle Integration/Info.plist";
				LD_RUNPATH_SEARCH_PATHS = "$(inherited) @executable_path/Frameworks";
				PRODUCT_BUNDLE_IDENTIFIER = "org.example.Mangle-Integration";
				PRODUCT_NAME = "$(TARGET_NAME)";
				SWIFT_VERSION = 5.0;
				TARGETED_DEVICE_FAMILY = "1,2";
			};
			name = Release;
		};
/* End XCBuildConfiguration section */

/* Begin XCConfigurationList section */
		1A334B9A1FD954AF008C4963 /* Build configuration list for PBXProject "Mangle Integration" */ = {
			isa = XCConfigurationList;
			buildConfigurations = (
				1A334BB31FD954AF008C4963 /* Debug */,
				1A334BB41FD954AF008C4963 /* Release */,
			);
			defaultConfigurationIsVisible = 0;
			defaultConfigurationName = Release;
		};
		1A334BB51FD954AF008C4963 /* Build configuration list for PBXNativeTarget "Mangle Integration" */ = {
			isa = XCConfigurationList;
			buildConfigurations = (
				1A334BB61FD954AF008C4963 /* Debug */,
				1A334BB71FD954AF008C4963 /* Release */,
			);
			defaultConfigurationIsVisible = 0;
			defaultConfigurationName = Release;
		};
/* End XCConfigurationList section */
	};
	rootObject = 1A334B971FD954AF008C4963 /* Project object */;
}
